
Microsoft Visual Studio Solution File, Format Version 12.00
# Visual Studio Version 16
VisualStudioVersion = 16.0.28803.352
MinimumVisualStudioVersion = 10.0.40219.1
Project("{FAE04EC0-301F-11D3-BF4B-00C04F79EFBC}") = "s3i", "s3i\s3i.csproj", "{649316E5-F497-4DAC-A71E-16AD55C44C57}"
EndProject
Global
	GlobalSection(SolutionConfigurationPlatforms) = preSolution
		Debug|Any CPU = Debug|Any CPU
		Release|Any CPU = Release|Any CPU
	EndGlobalSection
	GlobalSection(ProjectConfigurationPlatforms) = postSolution
		{649316E5-F497-4DAC-A71E-16AD55C44C57}.Debug|Any CPU.ActiveCfg = Debug|Any CPU
		{649316E5-F497-4DAC-A71E-16AD55C44C57}.Debug|Any CPU.Build.0 = Debug|Any CPU
		{649316E5-F497-4DAC-A71E-16AD55C44C57}.Release|Any CPU.ActiveCfg = Release|Any CPU
		{649316E5-F497-4DAC-A71E-16AD55C44C57}.Release|Any CPU.Build.0 = Release|Any CPU
	EndGlobalSection
	GlobalSection(SolutionProperties) = preSolution
		HideSolutionNode = FALSE
	EndGlobalSection
	GlobalSection(ExtensibilityGlobals) = postSolution
		SolutionGuid = {4C8E9B15-5892-47B4-9028-853B42AB6CD7}
	EndGlobalSection
EndGlobal
